// !$*UTF8*$!
{
	archiveVersion = 1;
	classes = {
	};
	objectVersion = 56;
	objects = {

/* Begin PBXBuildFile section */
		47078E8B29A5E07200B843CF /* AddExpensePresenter.swift in Sources */ = {isa = PBXBuildFile; fileRef = 47078E8A29A5E07200B843CF /* AddExpensePresenter.swift */; };
		4739328029C049AC0026879F /* RecordsPresenter.swift in Sources */ = {isa = PBXBuildFile; fileRef = 4739327F29C049AC0026879F /* RecordsPresenter.swift */; };
		474220AD297902CC0030E036 /* AppDelegate.swift in Sources */ = {isa = PBXBuildFile; fileRef = 474220AC297902CC0030E036 /* AppDelegate.swift */; };
		474220AF297902CC0030E036 /* SceneDelegate.swift in Sources */ = {isa = PBXBuildFile; fileRef = 474220AE297902CC0030E036 /* SceneDelegate.swift */; };
		474220B1297902CC0030E036 /* AddExpenseVC.swift in Sources */ = {isa = PBXBuildFile; fileRef = 474220B0297902CC0030E036 /* AddExpenseVC.swift */; };
		474220B6297902CD0030E036 /* Assets.xcassets in Resources */ = {isa = PBXBuildFile; fileRef = 474220B5297902CD0030E036 /* Assets.xcassets */; };
		474220C2297FD0800030E036 /* PieChart.swift in Sources */ = {isa = PBXBuildFile; fileRef = 474220C1297FD0800030E036 /* PieChart.swift */; };
		474220C4297FD1850030E036 /* SqliteHelper.swift in Sources */ = {isa = PBXBuildFile; fileRef = 474220C3297FD1850030E036 /* SqliteHelper.swift */; };
		474220C62983DE520030E036 /* HomePageVC.swift in Sources */ = {isa = PBXBuildFile; fileRef = 474220C52983DE520030E036 /* HomePageVC.swift */; };
		477647A7298BD7A300D7B0B1 /* AttachmentsVC.swift in Sources */ = {isa = PBXBuildFile; fileRef = 477647A6298BD7A300D7B0B1 /* AttachmentsVC.swift */; };
		477DE21229B06EE5006BA200 /* AnalysisVC.swift in Sources */ = {isa = PBXBuildFile; fileRef = 477DE21129B06EE5006BA200 /* AnalysisVC.swift */; };
		4784E3A02992101B003BBB9F /* RecordsVC.swift in Sources */ = {isa = PBXBuildFile; fileRef = 4784E39F2992101B003BBB9F /* RecordsVC.swift */; };
		47C526FF299F98CB0054D56D /* ThemeManager.swift in Sources */ = {isa = PBXBuildFile; fileRef = 47C526FE299F98CA0054D56D /* ThemeManager.swift */; };
		47D21D2B29AC7CB80098C81F /* DateController.swift in Sources */ = {isa = PBXBuildFile; fileRef = 47D21D2A29AC7CB80098C81F /* DateController.swift */; };
		47D21D2D29AE32300098C81F /* Sqlite Tables.swift in Sources */ = {isa = PBXBuildFile; fileRef = 47D21D2C29AE32300098C81F /* Sqlite Tables.swift */; };
		47E41C2129C317AF0008DA9D /* AnalysisPresenter.swift in Sources */ = {isa = PBXBuildFile; fileRef = 47E41C2029C317AF0008DA9D /* AnalysisPresenter.swift */; };
		47E41C2329C318700008DA9D /* TabBarVC.swift in Sources */ = {isa = PBXBuildFile; fileRef = 47E41C2229C318700008DA9D /* TabBarVC.swift */; };
		47E41C2529C64EA60008DA9D /* PlaceHolderView.swift in Sources */ = {isa = PBXBuildFile; fileRef = 47E41C2429C64EA60008DA9D /* PlaceHolderView.swift */; };
		47FA90AF29C9CAD90074041C /* Cells.swift in Sources */ = {isa = PBXBuildFile; fileRef = 47FA90AE29C9CAD90074041C /* Cells.swift */; };
		47FA90B129CB2CA60074041C /* ExpenseDetailVC.swift in Sources */ = {isa = PBXBuildFile; fileRef = 47FA90B029CB2CA60074041C /* ExpenseDetailVC.swift */; };
		47FA90B329CCDFEC0074041C /* ExpenseDetailPresenter.swift in Sources */ = {isa = PBXBuildFile; fileRef = 47FA90B229CCDFEC0074041C /* ExpenseDetailPresenter.swift */; };
		47FA90B529CCE3330074041C /* FormField.swift in Sources */ = {isa = PBXBuildFile; fileRef = 47FA90B429CCE3330074041C /* FormField.swift */; };
		47FFBE8B299CAF3B008E196F /* Helpers.swift in Sources */ = {isa = PBXBuildFile; fileRef = 47FFBE8A299CAF3B008E196F /* Helpers.swift */; };
/* End PBXBuildFile section */

/* Begin PBXFileReference section */
		47078E8A29A5E07200B843CF /* AddExpensePresenter.swift */ = {isa = PBXFileReference; lastKnownFileType = sourcecode.swift; path = AddExpensePresenter.swift; sourceTree = "<group>"; };
		4739327F29C049AC0026879F /* RecordsPresenter.swift */ = {isa = PBXFileReference; lastKnownFileType = sourcecode.swift; path = RecordsPresenter.swift; sourceTree = "<group>"; };
		474220A9297902CC0030E036 /* ExpenseTracker.app */ = {isa = PBXFileReference; explicitFileType = wrapper.application; includeInIndex = 0; path = ExpenseTracker.app; sourceTree = BUILT_PRODUCTS_DIR; };
		474220AC297902CC0030E036 /* AppDelegate.swift */ = {isa = PBXFileReference; lastKnownFileType = sourcecode.swift; path = AppDelegate.swift; sourceTree = "<group>"; };
		474220AE297902CC0030E036 /* SceneDelegate.swift */ = {isa = PBXFileReference; lastKnownFileType = sourcecode.swift; path = SceneDelegate.swift; sourceTree = "<group>"; };
		474220B0297902CC0030E036 /* AddExpenseVC.swift */ = {isa = PBXFileReference; lastKnownFileType = sourcecode.swift; path = AddExpenseVC.swift; sourceTree = "<group>"; };
		474220B5297902CD0030E036 /* Assets.xcassets */ = {isa = PBXFileReference; lastKnownFileType = folder.assetcatalog; path = Assets.xcassets; sourceTree = "<group>"; };
		474220BA297902CD0030E036 /* Info.plist */ = {isa = PBXFileReference; lastKnownFileType = text.plist.xml; path = Info.plist; sourceTree = "<group>"; };
		474220C1297FD0800030E036 /* PieChart.swift */ = {isa = PBXFileReference; lastKnownFileType = sourcecode.swift; path = PieChart.swift; sourceTree = "<group>"; };
		474220C3297FD1850030E036 /* SqliteHelper.swift */ = {isa = PBXFileReference; lastKnownFileType = sourcecode.swift; path = SqliteHelper.swift; sourceTree = "<group>"; };
		474220C52983DE520030E036 /* HomePageVC.swift */ = {isa = PBXFileReference; lastKnownFileType = sourcecode.swift; path = HomePageVC.swift; sourceTree = "<group>"; };
		477647A6298BD7A300D7B0B1 /* AttachmentsVC.swift */ = {isa = PBXFileReference; lastKnownFileType = sourcecode.swift; path = AttachmentsVC.swift; sourceTree = "<group>"; };
		477DE21129B06EE5006BA200 /* AnalysisVC.swift */ = {isa = PBXFileReference; lastKnownFileType = sourcecode.swift; path = AnalysisVC.swift; sourceTree = "<group>"; };
		4784E39F2992101B003BBB9F /* RecordsVC.swift */ = {isa = PBXFileReference; lastKnownFileType = sourcecode.swift; path = RecordsVC.swift; sourceTree = "<group>"; };
		47C526FE299F98CA0054D56D /* ThemeManager.swift */ = {isa = PBXFileReference; lastKnownFileType = sourcecode.swift; path = ThemeManager.swift; sourceTree = "<group>"; };
		47D21D2A29AC7CB80098C81F /* DateController.swift */ = {isa = PBXFileReference; lastKnownFileType = sourcecode.swift; name = DateController.swift; path = ExpenseTracker/Utilities/DateController.swift; sourceTree = SOURCE_ROOT; };
		47D21D2C29AE32300098C81F /* Sqlite Tables.swift */ = {isa = PBXFileReference; lastKnownFileType = sourcecode.swift; path = "Sqlite Tables.swift"; sourceTree = "<group>"; };
		47E41C2029C317AF0008DA9D /* AnalysisPresenter.swift */ = {isa = PBXFileReference; lastKnownFileType = sourcecode.swift; path = AnalysisPresenter.swift; sourceTree = "<group>"; };
		47E41C2229C318700008DA9D /* TabBarVC.swift */ = {isa = PBXFileReference; lastKnownFileType = sourcecode.swift; path = TabBarVC.swift; sourceTree = "<group>"; };
		47E41C2429C64EA60008DA9D /* PlaceHolderView.swift */ = {isa = PBXFileReference; lastKnownFileType = sourcecode.swift; path = PlaceHolderView.swift; sourceTree = "<group>"; };
		47FA90AE29C9CAD90074041C /* Cells.swift */ = {isa = PBXFileReference; lastKnownFileType = sourcecode.swift; path = Cells.swift; sourceTree = "<group>"; };
		47FA90B029CB2CA60074041C /* ExpenseDetailVC.swift */ = {isa = PBXFileReference; lastKnownFileType = sourcecode.swift; path = ExpenseDetailVC.swift; sourceTree = "<group>"; };
		47FA90B229CCDFEC0074041C /* ExpenseDetailPresenter.swift */ = {isa = PBXFileReference; lastKnownFileType = sourcecode.swift; path = ExpenseDetailPresenter.swift; sourceTree = "<group>"; };
		47FA90B429CCE3330074041C /* FormField.swift */ = {isa = PBXFileReference; lastKnownFileType = sourcecode.swift; path = FormField.swift; sourceTree = "<group>"; };
		47FFBE8A299CAF3B008E196F /* Helpers.swift */ = {isa = PBXFileReference; lastKnownFileType = sourcecode.swift; path = Helpers.swift; sourceTree = "<group>"; };
/* End PBXFileReference section */

/* Begin PBXFrameworksBuildPhase section */
		474220A6297902CC0030E036 /* Frameworks */ = {
			isa = PBXFrameworksBuildPhase;
			buildActionMask = 2147483647;
			files = (
			);
			runOnlyForDeploymentPostprocessing = 0;
		};
/* End PBXFrameworksBuildPhase section */

/* Begin PBXGroup section */
		474220A0297902CC0030E036 = {
			isa = PBXGroup;
			children = (
				474220AB297902CC0030E036 /* ExpenseTracker */,
				474220AA297902CC0030E036 /* Products */,
			);
			sourceTree = "<group>";
		};
		474220AA297902CC0030E036 /* Products */ = {
			isa = PBXGroup;
			children = (
				474220A9297902CC0030E036 /* ExpenseTracker.app */,
			);
			name = Products;
			sourceTree = "<group>";
		};
		474220AB297902CC0030E036 /* ExpenseTracker */ = {
			isa = PBXGroup;
			children = (
				474220C0297FD0490030E036 /* Utilities */,
				474220AC297902CC0030E036 /* AppDelegate.swift */,
				474220AE297902CC0030E036 /* SceneDelegate.swift */,
				474220B0297902CC0030E036 /* AddExpenseVC.swift */,
				47078E8A29A5E07200B843CF /* AddExpensePresenter.swift */,
				4784E39F2992101B003BBB9F /* RecordsVC.swift */,
				4739327F29C049AC0026879F /* RecordsPresenter.swift */,
				477DE21129B06EE5006BA200 /* AnalysisVC.swift */,
				47E41C2029C317AF0008DA9D /* AnalysisPresenter.swift */,
				47E41C2229C318700008DA9D /* TabBarVC.swift */,
				47FA90B029CB2CA60074041C /* ExpenseDetailVC.swift */,
				47FA90B229CCDFEC0074041C /* ExpenseDetailPresenter.swift */,
				47FA90AE29C9CAD90074041C /* Cells.swift */,
				47FA90B429CCE3330074041C /* FormField.swift */,
				477647A6298BD7A300D7B0B1 /* AttachmentsVC.swift */,
				474220B5297902CD0030E036 /* Assets.xcassets */,
				474220BA297902CD0030E036 /* Info.plist */,
			);
			path = ExpenseTracker;
			sourceTree = "<group>";
		};
		474220C0297FD0490030E036 /* Utilities */ = {
			isa = PBXGroup;
			children = (
				474220C1297FD0800030E036 /* PieChart.swift */,
				474220C3297FD1850030E036 /* SqliteHelper.swift */,
				47FFBE8A299CAF3B008E196F /* Helpers.swift */,
				47C526FE299F98CA0054D56D /* ThemeManager.swift */,
				47D21D2C29AE32300098C81F /* Sqlite Tables.swift */,
				47D21D2A29AC7CB80098C81F /* DateController.swift */,
				474220C52983DE520030E036 /* HomePageVC.swift */,
				47E41C2429C64EA60008DA9D /* PlaceHolderView.swift */,
			);
			path = Utilities;
			sourceTree = "<group>";
		};
/* End PBXGroup section */

/* Begin PBXNativeTarget section */
		474220A8297902CC0030E036 /* ExpenseTracker */ = {
			isa = PBXNativeTarget;
			buildConfigurationList = 474220BD297902CD0030E036 /* Build configuration list for PBXNativeTarget "ExpenseTracker" */;
			buildPhases = (
				474220A5297902CC0030E036 /* Sources */,
				474220A6297902CC0030E036 /* Frameworks */,
				474220A7297902CC0030E036 /* Resources */,
			);
			buildRules = (
			);
			dependencies = (
			);
			name = ExpenseTracker;
			productName = ExpenseTracker;
			productReference = 474220A9297902CC0030E036 /* ExpenseTracker.app */;
			productType = "com.apple.product-type.application";
		};
/* End PBXNativeTarget section */

/* Begin PBXProject section */
		474220A1297902CC0030E036 /* Project object */ = {
			isa = PBXProject;
			attributes = {
				BuildIndependentTargetsInParallel = 1;
				LastSwiftUpdateCheck = 1400;
				LastUpgradeCheck = 1400;
				TargetAttributes = {
					474220A8297902CC0030E036 = {
						CreatedOnToolsVersion = 14.0;
					};
				};
			};
			buildConfigurationList = 474220A4297902CC0030E036 /* Build configuration list for PBXProject "ExpenseTracker" */;
			compatibilityVersion = "Xcode 14.0";
			developmentRegion = en;
			hasScannedForEncodings = 0;
			knownRegions = (
				en,
				Base,
			);
			mainGroup = 474220A0297902CC0030E036;
			productRefGroup = 474220AA297902CC0030E036 /* Products */;
			projectDirPath = "";
			projectRoot = "";
			targets = (
				474220A8297902CC0030E036 /* ExpenseTracker */,
			);
		};
/* End PBXProject section */

/* Begin PBXResourcesBuildPhase section */
		474220A7297902CC0030E036 /* Resources */ = {
			isa = PBXResourcesBuildPhase;
			buildActionMask = 2147483647;
			files = (
				474220B6297902CD0030E036 /* Assets.xcassets in Resources */,
			);
			runOnlyForDeploymentPostprocessing = 0;
		};
/* End PBXResourcesBuildPhase section */

/* Begin PBXSourcesBuildPhase section */
		474220A5297902CC0030E036 /* Sources */ = {
			isa = PBXSourcesBuildPhase;
			buildActionMask = 2147483647;
			files = (
				47FA90B129CB2CA60074041C /* ExpenseDetailVC.swift in Sources */,
				47D21D2D29AE32300098C81F /* Sqlite Tables.swift in Sources */,
				47FA90B529CCE3330074041C /* FormField.swift in Sources */,
				477647A7298BD7A300D7B0B1 /* AttachmentsVC.swift in Sources */,
				47D21D2B29AC7CB80098C81F /* DateController.swift in Sources */,
				474220B1297902CC0030E036 /* AddExpenseVC.swift in Sources */,
				47078E8B29A5E07200B843CF /* AddExpensePresenter.swift in Sources */,
				474220C2297FD0800030E036 /* PieChart.swift in Sources */,
				4739328029C049AC0026879F /* RecordsPresenter.swift in Sources */,
				474220C62983DE520030E036 /* HomePageVC.swift in Sources */,
				47FFBE8B299CAF3B008E196F /* Helpers.swift in Sources */,
				477DE21229B06EE5006BA200 /* AnalysisVC.swift in Sources */,
				474220C4297FD1850030E036 /* SqliteHelper.swift in Sources */,
				4784E3A02992101B003BBB9F /* RecordsVC.swift in Sources */,
				47C526FF299F98CB0054D56D /* ThemeManager.swift in Sources */,
				474220AD297902CC0030E036 /* AppDelegate.swift in Sources */,
				47E41C2329C318700008DA9D /* TabBarVC.swift in Sources */,
				47E41C2129C317AF0008DA9D /* AnalysisPresenter.swift in Sources */,
				47E41C2529C64EA60008DA9D /* PlaceHolderView.swift in Sources */,
				47FA90B329CCDFEC0074041C /* ExpenseDetailPresenter.swift in Sources */,
				47FA90AF29C9CAD90074041C /* Cells.swift in Sources */,
				474220AF297902CC0030E036 /* SceneDelegate.swift in Sources */,
			);
			runOnlyForDeploymentPostprocessing = 0;
		};
/* End PBXSourcesBuildPhase section */

/* Begin XCBuildConfiguration section */
		474220BB297902CD0030E036 /* Debug */ = {
			isa = XCBuildConfiguration;
			buildSettings = {
				ALWAYS_SEARCH_USER_PATHS = NO;
				CLANG_ANALYZER_NONNULL = YES;
				CLANG_ANALYZER_NUMBER_OBJECT_CONVERSION = YES_AGGRESSIVE;
				CLANG_CXX_LANGUAGE_STANDARD = "gnu++20";
				CLANG_ENABLE_MODULES = YES;
				CLANG_ENABLE_OBJC_ARC = YES;
				CLANG_ENABLE_OBJC_WEAK = YES;
				CLANG_WARN_BLOCK_CAPTURE_AUTORELEASING = YES;
				CLANG_WARN_BOOL_CONVERSION = YES;
				CLANG_WARN_COMMA = YES;
				CLANG_WARN_CONSTANT_CONVERSION = YES;
				CLANG_WARN_DEPRECATED_OBJC_IMPLEMENTATIONS = YES;
				CLANG_WARN_DIRECT_OBJC_ISA_USAGE = YES_ERROR;
				CLANG_WARN_DOCUMENTATION_COMMENTS = YES;
				CLANG_WARN_EMPTY_BODY = YES;
				CLANG_WARN_ENUM_CONVERSION = YES;
				CLANG_WARN_INFINITE_RECURSION = YES;
				CLANG_WARN_INT_CONVERSION = YES;
				CLANG_WARN_NON_LITERAL_NULL_CONVERSION = YES;
				CLANG_WARN_OBJC_IMPLICIT_RETAIN_SELF = YES;
				CLANG_WARN_OBJC_LITERAL_CONVERSION = YES;
				CLANG_WARN_OBJC_ROOT_CLASS = YES_ERROR;
				CLANG_WARN_QUOTED_INCLUDE_IN_FRAMEWORK_HEADER = YES;
				CLANG_WARN_RANGE_LOOP_ANALYSIS = YES;
				CLANG_WARN_STRICT_PROTOTYPES = YES;
				CLANG_WARN_SUSPICIOUS_MOVE = YES;
				CLANG_WARN_UNGUARDED_AVAILABILITY = YES_AGGRESSIVE;
				CLANG_WARN_UNREACHABLE_CODE = YES;
				CLANG_WARN__DUPLICATE_METHOD_MATCH = YES;
				COPY_PHASE_STRIP = NO;
				DEBUG_INFORMATION_FORMAT = dwarf;
				ENABLE_STRICT_OBJC_MSGSEND = YES;
				ENABLE_TESTABILITY = YES;
				GCC_C_LANGUAGE_STANDARD = gnu11;
				GCC_DYNAMIC_NO_PIC = NO;
				GCC_NO_COMMON_BLOCKS = YES;
				GCC_OPTIMIZATION_LEVEL = 0;
				GCC_PREPROCESSOR_DEFINITIONS = (
					"DEBUG=1",
					"$(inherited)",
				);
				GCC_WARN_64_TO_32_BIT_CONVERSION = YES;
				GCC_WARN_ABOUT_RETURN_TYPE = YES_ERROR;
				GCC_WARN_UNDECLARED_SELECTOR = YES;
				GCC_WARN_UNINITIALIZED_AUTOS = YES_AGGRESSIVE;
				GCC_WARN_UNUSED_FUNCTION = YES;
				GCC_WARN_UNUSED_VARIABLE = YES;
				IPHONEOS_DEPLOYMENT_TARGET = 16.0;
				MTL_ENABLE_DEBUG_INFO = INCLUDE_SOURCE;
				MTL_FAST_MATH = YES;
				ONLY_ACTIVE_ARCH = YES;
				SDKROOT = iphoneos;
				SWIFT_ACTIVE_COMPILATION_CONDITIONS = DEBUG;
				SWIFT_OPTIMIZATION_LEVEL = "-Onone";
			};
			name = Debug;
		};
		474220BC297902CD0030E036 /* Release */ = {
			isa = XCBuildConfiguration;
			buildSettings = {
				ALWAYS_SEARCH_USER_PATHS = NO;
				CLANG_ANALYZER_NONNULL = YES;
				CLANG_ANALYZER_NUMBER_OBJECT_CONVERSION = YES_AGGRESSIVE;
				CLANG_CXX_LANGUAGE_STANDARD = "gnu++20";
				CLANG_ENABLE_MODULES = YES;
				CLANG_ENABLE_OBJC_ARC = YES;
				CLANG_ENABLE_OBJC_WEAK = YES;
				CLANG_WARN_BLOCK_CAPTURE_AUTORELEASING = YES;
				CLANG_WARN_BOOL_CONVERSION = YES;
				CLANG_WARN_COMMA = YES;
				CLANG_WARN_CONSTANT_CONVERSION = YES;
				CLANG_WARN_DEPRECATED_OBJC_IMPLEMENTATIONS = YES;
				CLANG_WARN_DIRECT_OBJC_ISA_USAGE = YES_ERROR;
				CLANG_WARN_DOCUMENTATION_COMMENTS = YES;
				CLANG_WARN_EMPTY_BODY = YES;
				CLANG_WARN_ENUM_CONVERSION = YES;
				CLANG_WARN_INFINITE_RECURSION = YES;
				CLANG_WARN_INT_CONVERSION = YES;
				CLANG_WARN_NON_LITERAL_NULL_CONVERSION = YES;
				CLANG_WARN_OBJC_IMPLICIT_RETAIN_SELF = YES;
				CLANG_WARN_OBJC_LITERAL_CONVERSION = YES;
				CLANG_WARN_OBJC_ROOT_CLASS = YES_ERROR;
				CLANG_WARN_QUOTED_INCLUDE_IN_FRAMEWORK_HEADER = YES;
				CLANG_WARN_RANGE_LOOP_ANALYSIS = YES;
				CLANG_WARN_STRICT_PROTOTYPES = YES;
				CLANG_WARN_SUSPICIOUS_MOVE = YES;
				CLANG_WARN_UNGUARDED_AVAILABILITY = YES_AGGRESSIVE;
				CLANG_WARN_UNREACHABLE_CODE = YES;
				CLANG_WARN__DUPLICATE_METHOD_MATCH = YES;
				COPY_PHASE_STRIP = NO;
				DEBUG_INFORMATION_FORMAT = "dwarf-with-dsym";
				ENABLE_NS_ASSERTIONS = NO;
				ENABLE_STRICT_OBJC_MSGSEND = YES;
				GCC_C_LANGUAGE_STANDARD = gnu11;
				GCC_NO_COMMON_BLOCKS = YES;
				GCC_WARN_64_TO_32_BIT_CONVERSION = YES;
				GCC_WARN_ABOUT_RETURN_TYPE = YES_ERROR;
				GCC_WARN_UNDECLARED_SELECTOR = YES;
				GCC_WARN_UNINITIALIZED_AUTOS = YES_AGGRESSIVE;
				GCC_WARN_UNUSED_FUNCTION = YES;
				GCC_WARN_UNUSED_VARIABLE = YES;
				IPHONEOS_DEPLOYMENT_TARGET = 16.0;
				MTL_ENABLE_DEBUG_INFO = NO;
				MTL_FAST_MATH = YES;
				SDKROOT = iphoneos;
				SWIFT_COMPILATION_MODE = wholemodule;
				SWIFT_OPTIMIZATION_LEVEL = "-O";
				VALIDATE_PRODUCT = YES;
			};
			name = Release;
		};
		474220BE297902CD0030E036 /* Debug */ = {
			isa = XCBuildConfiguration;
			buildSettings = {
				ASSETCATALOG_COMPILER_APPICON_NAME = AppIcon;
				ASSETCATALOG_COMPILER_GLOBAL_ACCENT_COLOR_NAME = AccentColor;
				CODE_SIGN_IDENTITY = "Apple Development";
				CODE_SIGN_STYLE = Automatic;
				CURRENT_PROJECT_VERSION = 1;
				DEVELOPMENT_TEAM = K87YJC8D4J;
				GENERATE_INFOPLIST_FILE = YES;
				INFOPLIST_FILE = ExpenseTracker/Info.plist;
				INFOPLIST_KEY_UIApplicationSupportsIndirectInputEvents = YES;
				INFOPLIST_KEY_UILaunchStoryboardName = LaunchScreen;
				INFOPLIST_KEY_UISupportedInterfaceOrientations = "UIInterfaceOrientationLandscapeLeft UIInterfaceOrientationLandscapeRight UIInterfaceOrientationPortrait";
				INFOPLIST_KEY_UISupportedInterfaceOrientations_iPad = "UIInterfaceOrientationLandscapeLeft UIInterfaceOrientationLandscapeRight UIInterfaceOrientationPortrait UIInterfaceOrientationPortraitUpsideDown";
				LD_RUNPATH_SEARCH_PATHS = (
					"$(inherited)",
					"@executable_path/Frameworks",
				);
				MARKETING_VERSION = 1.0;
				PRODUCT_BUNDLE_IDENTIFIER = mvk.ExpenseTracker;
				PRODUCT_NAME = "$(TARGET_NAME)";
				PROVISIONING_PROFILE_SPECIFIER = "";
				SWIFT_EMIT_LOC_STRINGS = YES;
				SWIFT_VERSION = 5.0;
				TARGETED_DEVICE_FAMILY = "1,2";
			};
			name = Debug;
		};
		474220BF297902CD0030E036 /* Release */ = {
			isa = XCBuildConfiguration;
			buildSettings = {
				ASSETCATALOG_COMPILER_APPICON_NAME = AppIcon;
				ASSETCATALOG_COMPILER_GLOBAL_ACCENT_COLOR_NAME = AccentColor;
				CODE_SIGN_IDENTITY = "Apple Development";
				CODE_SIGN_STYLE = Automatic;
				CURRENT_PROJECT_VERSION = 1;
				DEVELOPMENT_TEAM = K87YJC8D4J;
				GENERATE_INFOPLIST_FILE = YES;
				INFOPLIST_FILE = ExpenseTracker/Info.plist;
				INFOPLIST_KEY_UIApplicationSupportsIndirectInputEvents = YES;
				INFOPLIST_KEY_UILaunchStoryboardName = LaunchScreen;
				INFOPLIST_KEY_UISupportedInterfaceOrientations = "UIInterfaceOrientationLandscapeLeft UIInterfaceOrientationLandscapeRight UIInterfaceOrientationPortrait";
				INFOPLIST_KEY_UISupportedInterfaceOrientations_iPad = "UIInterfaceOrientationLandscapeLeft UIInterfaceOrientationLandscapeRight UIInterfaceOrientationPortrait UIInterfaceOrientationPortraitUpsideDown";
				LD_RUNPATH_SEARCH_PATHS = (
					"$(inherited)",
					"@executable_path/Frameworks",
				);
				MARKETING_VERSION = 1.0;
				PRODUCT_BUNDLE_IDENTIFIER = mvk.ExpenseTracker;
				PRODUCT_NAME = "$(TARGET_NAME)";
				PROVISIONING_PROFILE_SPECIFIER = "";
				SWIFT_EMIT_LOC_STRINGS = YES;
				SWIFT_VERSION = 5.0;
				TARGETED_DEVICE_FAMILY = "1,2";
			};
			name = Release;
		};
/* End XCBuildConfiguration section */

/* Begin XCConfigurationList section */
		474220A4297902CC0030E036 /* Build configuration list for PBXProject "ExpenseTracker" */ = {
			isa = XCConfigurationList;
			buildConfigurations = (
				474220BB297902CD0030E036 /* Debug */,
				474220BC297902CD0030E036 /* Release */,
			);
			defaultConfigurationIsVisible = 0;
			defaultConfigurationName = Release;
		};
		474220BD297902CD0030E036 /* Build configuration list for PBXNativeTarget "ExpenseTracker" */ = {
			isa = XCConfigurationList;
			buildConfigurations = (
				474220BE297902CD0030E036 /* Debug */,
				474220BF297902CD0030E036 /* Release */,
			);
			defaultConfigurationIsVisible = 0;
			defaultConfigurationName = Release;
		};
/* End XCConfigurationList section */
	};
	rootObject = 474220A1297902CC0030E036 /* Project object */;
}
